
Microsoft Visual Studio Solution File, Format Version 12.00
# Visual Studio Version 17
VisualStudioVersion = 17.6.33815.320
MinimumVisualStudioVersion = 10.0.40219.1
Project("{FAE04EC0-301F-11D3-BF4B-00C04F79EFBC}") = "NumberCalculation", "NumberCalculation\NumberCalculation.csproj", "{78063879-3198-47C2-8370-354706C99052}"
EndProject
Global
	GlobalSection(SolutionConfigurationPlatforms) = preSolution
		Debug|Any CPU = Debug|Any CPU
		Release|Any CPU = Release|Any CPU
	EndGlobalSection
	GlobalSection(ProjectConfigurationPlatforms) = postSolution
		{78063879-3198-47C2-8370-354706C99052}.Debug|Any CPU.ActiveCfg = Debug|Any CPU
		{78063879-3198-47C2-8370-354706C99052}.Debug|Any CPU.Build.0 = Debug|Any CPU
		{78063879-3198-47C2-8370-354706C99052}.Release|Any CPU.ActiveCfg = Release|Any CPU
		{78063879-3198-47C2-8370-354706C99052}.Release|Any CPU.Build.0 = Release|Any CPU
	EndGlobalSection
	GlobalSection(SolutionProperties) = preSolution
		HideSolutionNode = FALSE
	EndGlobalSection
	GlobalSection(ExtensibilityGlobals) = postSolution
		SolutionGuid = {7C60524C-1747-49CB-BD07-BDE2AB19868D}
	EndGlobalSection
EndGlobal
